
Microsoft Visual Studio Solution File, Format Version 12.00
# Visual Studio 15
VisualStudioVersion = 15.0.27004.2005
MinimumVisualStudioVersion = 10.0.40219.1
Project("{FAE04EC0-301F-11D3-BF4B-00C04F79EFBC}") = "AzureBlobCleaner", "AzureBlobCleaner\AzureBlobCleaner.csproj", "{A3F21AD3-EF51-4719-A5AC-5173BD8EBB47}"
EndProject
Project("{FAE04EC0-301F-11D3-BF4B-00C04F79EFBC}") = "AzureBlobTester", "AzureBlobTester\AzureBlobTester.csproj", "{4B360418-FC82-4A50-8932-F2C974F6291B}"
EndProject
Global
	GlobalSection(SolutionConfigurationPlatforms) = preSolution
		Debug|Any CPU = Debug|Any CPU
		Release|Any CPU = Release|Any CPU
	EndGlobalSection
	GlobalSection(ProjectConfigurationPlatforms) = postSolution
		{A3F21AD3-EF51-4719-A5AC-5173BD8EBB47}.Debug|Any CPU.ActiveCfg = Debug|Any CPU
		{A3F21AD3-EF51-4719-A5AC-5173BD8EBB47}.Debug|Any CPU.Build.0 = Debug|Any CPU
		{A3F21AD3-EF51-4719-A5AC-5173BD8EBB47}.Release|Any CPU.ActiveCfg = Release|Any CPU
		{A3F21AD3-EF51-4719-A5AC-5173BD8EBB47}.Release|Any CPU.Build.0 = Release|Any CPU
		{4B360418-FC82-4A50-8932-F2C974F6291B}.Debug|Any CPU.ActiveCfg = Debug|Any CPU
		{4B360418-FC82-4A50-8932-F2C974F6291B}.Debug|Any CPU.Build.0 = Debug|Any CPU
		{4B360418-FC82-4A50-8932-F2C974F6291B}.Release|Any CPU.ActiveCfg = Release|Any CPU
		{4B360418-FC82-4A50-8932-F2C974F6291B}.Release|Any CPU.Build.0 = Release|Any CPU
	EndGlobalSection
	GlobalSection(SolutionProperties) = preSolution
		HideSolutionNode = FALSE
	EndGlobalSection
	GlobalSection(ExtensibilityGlobals) = postSolution
		SolutionGuid = {0B92832C-6F11-4EA1-80FB-4FE5091A327B}
	EndGlobalSection
EndGlobal
